
Microsoft Visual Studio Solution File, Format Version 12.00
# Visual Studio Version 17
VisualStudioVersion = 17.10.35013.160
MinimumVisualStudioVersion = 10.0.40219.1
Project("{FAE04EC0-301F-11D3-BF4B-00C04F79EFBC}") = "RastaurantPosMAUI", "RastaurantPosMAUI\RastaurantPosMAUI.csproj", "{E62DEE12-BA3F-408F-8314-B1950CE0C38C}"
EndProject
Global
	GlobalSection(SolutionConfigurationPlatforms) = preSolution
		Debug|Any CPU = Debug|Any CPU
		Release|Any CPU = Release|Any CPU
	EndGlobalSection
	GlobalSection(ProjectConfigurationPlatforms) = postSolution
		{E62DEE12-BA3F-408F-8314-B1950CE0C38C}.Debug|Any CPU.ActiveCfg = Debug|Any CPU
		{E62DEE12-BA3F-408F-8314-B1950CE0C38C}.Debug|Any CPU.Build.0 = Debug|Any CPU
		{E62DEE12-BA3F-408F-8314-B1950CE0C38C}.Debug|Any CPU.Deploy.0 = Debug|Any CPU
		{E62DEE12-BA3F-408F-8314-B1950CE0C38C}.Release|Any CPU.ActiveCfg = Release|Any CPU
		{E62DEE12-BA3F-408F-8314-B1950CE0C38C}.Release|Any CPU.Build.0 = Release|Any CPU
		{E62DEE12-BA3F-408F-8314-B1950CE0C38C}.Release|Any CPU.Deploy.0 = Release|Any CPU
	EndGlobalSection
	GlobalSection(SolutionProperties) = preSolution
		HideSolutionNode = FALSE
	EndGlobalSection
	GlobalSection(ExtensibilityGlobals) = postSolution
		SolutionGuid = {4567F12A-067B-417F-B952-9BE028B802C6}
	EndGlobalSection
EndGlobal
